// !$*UTF8*$!
{
	archiveVersion = 1;
	classes = {
	};
	objectVersion = 48;
	objects = {

/* Begin PBXBuildFile section */
		28DD129D35A7F0D896D9BD22 /* Pods_Drop.framework in Frameworks */ = {isa = PBXBuildFile; fileRef = 62681D5F08534DE306B53D50 /* Pods_Drop.framework */; };
		3B004DF21FBA99DD006ECFB8 /* MultipeerTests.swift in Sources */ = {isa = PBXBuildFile; fileRef = 3B004DF11FBA99DD006ECFB8 /* MultipeerTests.swift */; };
		3B672C0A1FE36600006679F5 /* AppDelegateTests.swift in Sources */ = {isa = PBXBuildFile; fileRef = 3B672C091FE36600006679F5 /* AppDelegateTests.swift */; };
		3B672C0C1FE377B8006679F5 /* HomeViewControllerTests.swift in Sources */ = {isa = PBXBuildFile; fileRef = 3B672C0B1FE377B7006679F5 /* HomeViewControllerTests.swift */; };
		3BC68FAC1FAD724500B3089D /* Multipeer.swift in Sources */ = {isa = PBXBuildFile; fileRef = 3BC68FAB1FAD724500B3089D /* Multipeer.swift */; };
		3BC68FAE1FAFB4B000B3089D /* PeopleCollectionViewCell.swift in Sources */ = {isa = PBXBuildFile; fileRef = 3BC68FAD1FAFB4B000B3089D /* PeopleCollectionViewCell.swift */; };
		676720296168351346229D56 /* Pods_DropTests.framework in Frameworks */ = {isa = PBXBuildFile; fileRef = 35CBF0E962FFDC8F1D900D0E /* Pods_DropTests.framework */; };
		6945C4951FD1511700EE1D51 /* ItemTableViewCell.swift in Sources */ = {isa = PBXBuildFile; fileRef = 6945C4941FD1511700EE1D51 /* ItemTableViewCell.swift */; };
		697E9AC71F9827D4004F9235 /* AppDelegate.swift in Sources */ = {isa = PBXBuildFile; fileRef = 697E9AC61F9827D4004F9235 /* AppDelegate.swift */; };
		697E9ADB1F9D6148004F9235 /* EventViewController.swift in Sources */ = {isa = PBXBuildFile; fileRef = 697E9ADA1F9D6148004F9235 /* EventViewController.swift */; };
		697E9AE11F9DB555004F9235 /* HomeViewController.swift in Sources */ = {isa = PBXBuildFile; fileRef = 697E9AE01F9DB554004F9235 /* HomeViewController.swift */; };
		697E9AE31FA416DC004F9235 /* PaymentViewController.swift in Sources */ = {isa = PBXBuildFile; fileRef = 697E9AE21FA416DC004F9235 /* PaymentViewController.swift */; };
		7588E5C91FE3361300E49BA1 /* Assets.xcassets in Resources */ = {isa = PBXBuildFile; fileRef = 7588E5C81FE3361200E49BA1 /* Assets.xcassets */; };
		75A2860C1FDCB52500F1E04B /* PaymentDetailViewController.swift in Sources */ = {isa = PBXBuildFile; fileRef = 75A2860B1FDCB52500F1E04B /* PaymentDetailViewController.swift */; };
		D809D36C1FD66AFE0041A682 /* TinyPeopleCollectionViewCell.swift in Sources */ = {isa = PBXBuildFile; fileRef = D809D36B1FD66AFE0041A682 /* TinyPeopleCollectionViewCell.swift */; };
		D83141721FB976B100C6FE10 /* Main.storyboard in Resources */ = {isa = PBXBuildFile; fileRef = D83141741FB976B100C6FE10 /* Main.storyboard */; };
		D83141761FB986F200C6FE10 /* Info.plist in Resources */ = {isa = PBXBuildFile; fileRef = D83141751FB986F200C6FE10 /* Info.plist */; };
		D83141791FB9882600C6FE10 /* LaunchScreen.storyboard in Resources */ = {isa = PBXBuildFile; fileRef = D83141771FB9882600C6FE10 /* LaunchScreen.storyboard */; };
		D83D44E61FB2B61400BB4615 /* LoginViewController.swift in Sources */ = {isa = PBXBuildFile; fileRef = D83D44E11FB2B61300BB4615 /* LoginViewController.swift */; };
		D85E25181FBE51E600CB2B22 /* EventViewControllerTests.swift in Sources */ = {isa = PBXBuildFile; fileRef = 3BEED3B21FBD4B5D0042AEA2 /* EventViewControllerTests.swift */; };
		D8A1785A1FDCAF3C0053A353 /* NewsFeedCell.swift in Sources */ = {isa = PBXBuildFile; fileRef = D8A178591FDCAF3C0053A353 /* NewsFeedCell.swift */; };
		D8B9F65A1FBE5E8E008786BB /* LoginTests.swift in Sources */ = {isa = PBXBuildFile; fileRef = D8B9F6591FBE5E8E008786BB /* LoginTests.swift */; };
		EE0278CD1FD52D08002A2D51 /* User.swift in Sources */ = {isa = PBXBuildFile; fileRef = EE0278CC1FD52D08002A2D51 /* User.swift */; };
		EE0278CF1FD52D18002A2D51 /* Transaction.swift in Sources */ = {isa = PBXBuildFile; fileRef = EE0278CE1FD52D18002A2D51 /* Transaction.swift */; };
		EE0278D31FD62CB2002A2D51 /* GoogleService-Info.plist in Resources */ = {isa = PBXBuildFile; fileRef = EE0278D21FD62CB1002A2D51 /* GoogleService-Info.plist */; };
		EE0278D51FD669C9002A2D51 /* SearchTableCell.swift in Sources */ = {isa = PBXBuildFile; fileRef = EE0278D41FD669C9002A2D51 /* SearchTableCell.swift */; };
		EEFECD1C1FE355F100D4F37F /* PaymentViewControllerTests.swift in Sources */ = {isa = PBXBuildFile; fileRef = EEFECD1B1FE355F100D4F37F /* PaymentViewControllerTests.swift */; };
		EEFECD201FE3761200D4F37F /* PaymentDetailViewControllerTests.swift in Sources */ = {isa = PBXBuildFile; fileRef = EEFECD1F1FE3761200D4F37F /* PaymentDetailViewControllerTests.swift */; };
/* End PBXBuildFile section */

/* Begin PBXContainerItemProxy section */
		3B004DF41FBA99DD006ECFB8 /* PBXContainerItemProxy */ = {
			isa = PBXContainerItemProxy;
			containerPortal = 697E9ABB1F9827D4004F9235 /* Project object */;
			proxyType = 1;
			remoteGlobalIDString = 697E9AC21F9827D4004F9235;
			remoteInfo = Drop;
		};
/* End PBXContainerItemProxy section */

/* Begin PBXFileReference section */
		07EC867D566060CD4FD36771 /* Pods-Drop.debug.xcconfig */ = {isa = PBXFileReference; includeInIndex = 1; lastKnownFileType = text.xcconfig; name = "Pods-Drop.debug.xcconfig"; path = "Pods/Target Support Files/Pods-Drop/Pods-Drop.debug.xcconfig"; sourceTree = "<group>"; };
		2C0FBBE9D113D657D809C899 /* Pods-Drop.release.xcconfig */ = {isa = PBXFileReference; includeInIndex = 1; lastKnownFileType = text.xcconfig; name = "Pods-Drop.release.xcconfig"; path = "Pods/Target Support Files/Pods-Drop/Pods-Drop.release.xcconfig"; sourceTree = "<group>"; };
		35CBF0E962FFDC8F1D900D0E /* Pods_DropTests.framework */ = {isa = PBXFileReference; explicitFileType = wrapper.framework; includeInIndex = 0; path = Pods_DropTests.framework; sourceTree = BUILT_PRODUCTS_DIR; };
		3B004DEF1FBA99DD006ECFB8 /* DropTests.xctest */ = {isa = PBXFileReference; explicitFileType = wrapper.cfbundle; includeInIndex = 0; path = DropTests.xctest; sourceTree = BUILT_PRODUCTS_DIR; };
		3B004DF11FBA99DD006ECFB8 /* MultipeerTests.swift */ = {isa = PBXFileReference; lastKnownFileType = sourcecode.swift; path = MultipeerTests.swift; sourceTree = "<group>"; };
		3B004DF31FBA99DD006ECFB8 /* Info.plist */ = {isa = PBXFileReference; lastKnownFileType = text.plist.xml; path = Info.plist; sourceTree = "<group>"; };
		3B672C091FE36600006679F5 /* AppDelegateTests.swift */ = {isa = PBXFileReference; fileEncoding = 4; lastKnownFileType = sourcecode.swift; path = AppDelegateTests.swift; sourceTree = "<group>"; };
		3B672C0B1FE377B7006679F5 /* HomeViewControllerTests.swift */ = {isa = PBXFileReference; lastKnownFileType = sourcecode.swift; path = HomeViewControllerTests.swift; sourceTree = "<group>"; };
		3BC68FAB1FAD724500B3089D /* Multipeer.swift */ = {isa = PBXFileReference; lastKnownFileType = sourcecode.swift; path = Multipeer.swift; sourceTree = "<group>"; };
		3BC68FAD1FAFB4B000B3089D /* PeopleCollectionViewCell.swift */ = {isa = PBXFileReference; lastKnownFileType = sourcecode.swift; path = PeopleCollectionViewCell.swift; sourceTree = "<group>"; };
		3BEED3B21FBD4B5D0042AEA2 /* EventViewControllerTests.swift */ = {isa = PBXFileReference; lastKnownFileType = sourcecode.swift; path = EventViewControllerTests.swift; sourceTree = "<group>"; };
		62681D5F08534DE306B53D50 /* Pods_Drop.framework */ = {isa = PBXFileReference; explicitFileType = wrapper.framework; includeInIndex = 0; path = Pods_Drop.framework; sourceTree = BUILT_PRODUCTS_DIR; };
		6945C4941FD1511700EE1D51 /* ItemTableViewCell.swift */ = {isa = PBXFileReference; lastKnownFileType = sourcecode.swift; path = ItemTableViewCell.swift; sourceTree = "<group>"; };
		697E9AC31F9827D4004F9235 /* Drop.app */ = {isa = PBXFileReference; explicitFileType = wrapper.application; includeInIndex = 0; path = Drop.app; sourceTree = BUILT_PRODUCTS_DIR; };
		697E9AC61F9827D4004F9235 /* AppDelegate.swift */ = {isa = PBXFileReference; lastKnownFileType = sourcecode.swift; path = AppDelegate.swift; sourceTree = "<group>"; };
		697E9ADA1F9D6148004F9235 /* EventViewController.swift */ = {isa = PBXFileReference; lastKnownFileType = sourcecode.swift; path = EventViewController.swift; sourceTree = "<group>"; };
		697E9AE01F9DB554004F9235 /* HomeViewController.swift */ = {isa = PBXFileReference; lastKnownFileType = sourcecode.swift; path = HomeViewController.swift; sourceTree = "<group>"; };
		697E9AE21FA416DC004F9235 /* PaymentViewController.swift */ = {isa = PBXFileReference; lastKnownFileType = sourcecode.swift; path = PaymentViewController.swift; sourceTree = "<group>"; };
		7588E5C81FE3361200E49BA1 /* Assets.xcassets */ = {isa = PBXFileReference; lastKnownFileType = folder.assetcatalog; path = Assets.xcassets; sourceTree = "<group>"; };
		75A2860B1FDCB52500F1E04B /* PaymentDetailViewController.swift */ = {isa = PBXFileReference; lastKnownFileType = sourcecode.swift; path = PaymentDetailViewController.swift; sourceTree = "<group>"; };
		76595866AFFA654DE5461C7E /* Pods-DropTests.debug.xcconfig */ = {isa = PBXFileReference; includeInIndex = 1; lastKnownFileType = text.xcconfig; name = "Pods-DropTests.debug.xcconfig"; path = "Pods/Target Support Files/Pods-DropTests/Pods-DropTests.debug.xcconfig"; sourceTree = "<group>"; };
		7D4D4CAC4BFC774773552F7E /* Pods-DropTests.release.xcconfig */ = {isa = PBXFileReference; includeInIndex = 1; lastKnownFileType = text.xcconfig; name = "Pods-DropTests.release.xcconfig"; path = "Pods/Target Support Files/Pods-DropTests/Pods-DropTests.release.xcconfig"; sourceTree = "<group>"; };
		D809D36B1FD66AFE0041A682 /* TinyPeopleCollectionViewCell.swift */ = {isa = PBXFileReference; lastKnownFileType = sourcecode.swift; path = TinyPeopleCollectionViewCell.swift; sourceTree = "<group>"; };
		D83141731FB976B100C6FE10 /* Base */ = {isa = PBXFileReference; lastKnownFileType = file.storyboard; name = Base; path = Base.lproj/Main.storyboard; sourceTree = "<group>"; };
		D83141751FB986F200C6FE10 /* Info.plist */ = {isa = PBXFileReference; fileEncoding = 4; lastKnownFileType = text.plist.xml; path = Info.plist; sourceTree = "<group>"; };
		D83141781FB9882600C6FE10 /* Base */ = {isa = PBXFileReference; lastKnownFileType = file.storyboard; name = Base; path = Base.lproj/LaunchScreen.storyboard; sourceTree = "<group>"; };
		D83D44E11FB2B61300BB4615 /* LoginViewController.swift */ = {isa = PBXFileReference; fileEncoding = 4; lastKnownFileType = sourcecode.swift; path = LoginViewController.swift; sourceTree = "<group>"; };
		D8A178591FDCAF3C0053A353 /* NewsFeedCell.swift */ = {isa = PBXFileReference; lastKnownFileType = sourcecode.swift; path = NewsFeedCell.swift; sourceTree = "<group>"; };
		D8B9F6591FBE5E8E008786BB /* LoginTests.swift */ = {isa = PBXFileReference; lastKnownFileType = sourcecode.swift; path = LoginTests.swift; sourceTree = "<group>"; };
		EE0278CC1FD52D08002A2D51 /* User.swift */ = {isa = PBXFileReference; lastKnownFileType = sourcecode.swift; path = User.swift; sourceTree = "<group>"; };
		EE0278CE1FD52D18002A2D51 /* Transaction.swift */ = {isa = PBXFileReference; lastKnownFileType = sourcecode.swift; path = Transaction.swift; sourceTree = "<group>"; };
		EE0278D21FD62CB1002A2D51 /* GoogleService-Info.plist */ = {isa = PBXFileReference; fileEncoding = 4; lastKnownFileType = text.plist.xml; path = "GoogleService-Info.plist"; sourceTree = "<group>"; };
		EE0278D41FD669C9002A2D51 /* SearchTableCell.swift */ = {isa = PBXFileReference; lastKnownFileType = sourcecode.swift; path = SearchTableCell.swift; sourceTree = "<group>"; };
		EEFECD1B1FE355F100D4F37F /* PaymentViewControllerTests.swift */ = {isa = PBXFileReference; lastKnownFileType = sourcecode.swift; path = PaymentViewControllerTests.swift; sourceTree = "<group>"; };
		EEFECD1F1FE3761200D4F37F /* PaymentDetailViewControllerTests.swift */ = {isa = PBXFileReference; lastKnownFileType = sourcecode.swift; path = PaymentDetailViewControllerTests.swift; sourceTree = "<group>"; };
/* End PBXFileReference section */

/* Begin PBXFrameworksBuildPhase section */
		3B004DEC1FBA99DD006ECFB8 /* Frameworks */ = {
			isa = PBXFrameworksBuildPhase;
			buildActionMask = 2147483647;
			files = (
				676720296168351346229D56 /* Pods_DropTests.framework in Frameworks */,
			);
			runOnlyForDeploymentPostprocessing = 0;
		};
		697E9AC01F9827D4004F9235 /* Frameworks */ = {
			isa = PBXFrameworksBuildPhase;
			buildActionMask = 2147483647;
			files = (
				28DD129D35A7F0D896D9BD22 /* Pods_Drop.framework in Frameworks */,
			);
			runOnlyForDeploymentPostprocessing = 0;
		};
/* End PBXFrameworksBuildPhase section */

/* Begin PBXGroup section */
		3B004DF01FBA99DD006ECFB8 /* DropTests */ = {
			isa = PBXGroup;
			children = (
				3B672C0B1FE377B7006679F5 /* HomeViewControllerTests.swift */,
				3B672C091FE36600006679F5 /* AppDelegateTests.swift */,
				D8B9F6591FBE5E8E008786BB /* LoginTests.swift */,
				3BEED3B21FBD4B5D0042AEA2 /* EventViewControllerTests.swift */,
				EEFECD1B1FE355F100D4F37F /* PaymentViewControllerTests.swift */,
				3B004DF11FBA99DD006ECFB8 /* MultipeerTests.swift */,
				EEFECD1F1FE3761200D4F37F /* PaymentDetailViewControllerTests.swift */,
				3B004DF31FBA99DD006ECFB8 /* Info.plist */,
			);
			path = DropTests;
			sourceTree = "<group>";
		};
		481792729B3A58A86AEA5959 /* Frameworks */ = {
			isa = PBXGroup;
			children = (
				62681D5F08534DE306B53D50 /* Pods_Drop.framework */,
				35CBF0E962FFDC8F1D900D0E /* Pods_DropTests.framework */,
			);
			name = Frameworks;
			sourceTree = "<group>";
		};
		697E9ABA1F9827D4004F9235 = {
			isa = PBXGroup;
			children = (
				697E9AC51F9827D4004F9235 /* Drop */,
				697E9AC41F9827D4004F9235 /* Products */,
				3B004DF01FBA99DD006ECFB8 /* DropTests */,
				E87F75360291AA7B7008E04A /* Pods */,
				481792729B3A58A86AEA5959 /* Frameworks */,
			);
			sourceTree = "<group>";
		};
		697E9AC41F9827D4004F9235 /* Products */ = {
			isa = PBXGroup;
			children = (
				697E9AC31F9827D4004F9235 /* Drop.app */,
				3B004DEF1FBA99DD006ECFB8 /* DropTests.xctest */,
			);
			name = Products;
			sourceTree = "<group>";
		};
		697E9AC51F9827D4004F9235 /* Drop */ = {
			isa = PBXGroup;
			children = (
				EE0278CB1FD52CDF002A2D51 /* Models */,
				7588E5C81FE3361200E49BA1 /* Assets.xcassets */,
				D83141771FB9882600C6FE10 /* LaunchScreen.storyboard */,
				EE0278D21FD62CB1002A2D51 /* GoogleService-Info.plist */,
				D83141751FB986F200C6FE10 /* Info.plist */,
				D83D44E11FB2B61300BB4615 /* LoginViewController.swift */,
				697E9AE01F9DB554004F9235 /* HomeViewController.swift */,
				697E9ADA1F9D6148004F9235 /* EventViewController.swift */,
				697E9AE21FA416DC004F9235 /* PaymentViewController.swift */,
				75A2860B1FDCB52500F1E04B /* PaymentDetailViewController.swift */,
				697E9AC61F9827D4004F9235 /* AppDelegate.swift */,
				D83141741FB976B100C6FE10 /* Main.storyboard */,
				6945C4941FD1511700EE1D51 /* ItemTableViewCell.swift */,
				EE0278D41FD669C9002A2D51 /* SearchTableCell.swift */,
				3BC68FAB1FAD724500B3089D /* Multipeer.swift */,
				3BC68FAD1FAFB4B000B3089D /* PeopleCollectionViewCell.swift */,
				D809D36B1FD66AFE0041A682 /* TinyPeopleCollectionViewCell.swift */,
				D8A178591FDCAF3C0053A353 /* NewsFeedCell.swift */,
			);
			path = Drop;
			sourceTree = "<group>";
		};
		E87F75360291AA7B7008E04A /* Pods */ = {
			isa = PBXGroup;
			children = (
				07EC867D566060CD4FD36771 /* Pods-Drop.debug.xcconfig */,
				2C0FBBE9D113D657D809C899 /* Pods-Drop.release.xcconfig */,
				76595866AFFA654DE5461C7E /* Pods-DropTests.debug.xcconfig */,
				7D4D4CAC4BFC774773552F7E /* Pods-DropTests.release.xcconfig */,
			);
			name = Pods;
			sourceTree = "<group>";
		};
		EE0278CB1FD52CDF002A2D51 /* Models */ = {
			isa = PBXGroup;
			children = (
				EE0278CC1FD52D08002A2D51 /* User.swift */,
				EE0278CE1FD52D18002A2D51 /* Transaction.swift */,
			);
			path = Models;
			sourceTree = "<group>";
		};
/* End PBXGroup section */

/* Begin PBXNativeTarget section */
		3B004DEE1FBA99DD006ECFB8 /* DropTests */ = {
			isa = PBXNativeTarget;
			buildConfigurationList = 3B004DF81FBA99DD006ECFB8 /* Build configuration list for PBXNativeTarget "DropTests" */;
			buildPhases = (
				0848A735FA273B07D3FB61F7 /* [CP] Check Pods Manifest.lock */,
				3B004DEB1FBA99DD006ECFB8 /* Sources */,
				3B004DEC1FBA99DD006ECFB8 /* Frameworks */,
				3B004DED1FBA99DD006ECFB8 /* Resources */,
				E9E1492CB01C0A2873F8E096 /* [CP] Embed Pods Frameworks */,
				AED2CC794F97A660EFB8A995 /* [CP] Copy Pods Resources */,
			);
			buildRules = (
			);
			dependencies = (
				3B004DF51FBA99DD006ECFB8 /* PBXTargetDependency */,
			);
			name = DropTests;
			productName = DropTests;
			productReference = 3B004DEF1FBA99DD006ECFB8 /* DropTests.xctest */;
			productType = "com.apple.product-type.bundle.unit-test";
		};
		697E9AC21F9827D4004F9235 /* Drop */ = {
			isa = PBXNativeTarget;
			buildConfigurationList = 697E9AD51F9827D4004F9235 /* Build configuration list for PBXNativeTarget "Drop" */;
			buildPhases = (
				AF6AE7EC9A9A538765B6CDBC /* [CP] Check Pods Manifest.lock */,
				697E9ABF1F9827D4004F9235 /* Sources */,
				697E9AC01F9827D4004F9235 /* Frameworks */,
				697E9AC11F9827D4004F9235 /* Resources */,
				CE9DE706EB3C1DB5F0CA2C2D /* [CP] Embed Pods Frameworks */,
				AA1C3DACD519DC25CE1687CA /* [CP] Copy Pods Resources */,
			);
			buildRules = (
			);
			dependencies = (
			);
			name = Drop;
			productName = Drop;
			productReference = 697E9AC31F9827D4004F9235 /* Drop.app */;
			productType = "com.apple.product-type.application";
		};
/* End PBXNativeTarget section */

/* Begin PBXProject section */
		697E9ABB1F9827D4004F9235 /* Project object */ = {
			isa = PBXProject;
			attributes = {
				LastSwiftUpdateCheck = 0900;
				LastUpgradeCheck = 0900;
				ORGANIZATIONNAME = "Camille Zhang";
				TargetAttributes = {
					3B004DEE1FBA99DD006ECFB8 = {
						CreatedOnToolsVersion = 9.0.1;
						ProvisioningStyle = Automatic;
						TestTargetID = 697E9AC21F9827D4004F9235;
					};
					697E9AC21F9827D4004F9235 = {
						CreatedOnToolsVersion = 9.0.1;
						ProvisioningStyle = Automatic;
					};
				};
			};
			buildConfigurationList = 697E9ABE1F9827D4004F9235 /* Build configuration list for PBXProject "Drop" */;
			compatibilityVersion = "Xcode 8.0";
			developmentRegion = en;
			hasScannedForEncodings = 0;
			knownRegions = (
				en,
				Base,
			);
			mainGroup = 697E9ABA1F9827D4004F9235;
			productRefGroup = 697E9AC41F9827D4004F9235 /* Products */;
			projectDirPath = "";
			projectRoot = "";
			targets = (
				697E9AC21F9827D4004F9235 /* Drop */,
				3B004DEE1FBA99DD006ECFB8 /* DropTests */,
			);
		};
/* End PBXProject section */

/* Begin PBXResourcesBuildPhase section */
		3B004DED1FBA99DD006ECFB8 /* Resources */ = {
			isa = PBXResourcesBuildPhase;
			buildActionMask = 2147483647;
			files = (
			);
			runOnlyForDeploymentPostprocessing = 0;
		};
		697E9AC11F9827D4004F9235 /* Resources */ = {
			isa = PBXResourcesBuildPhase;
			buildActionMask = 2147483647;
			files = (
				D83141761FB986F200C6FE10 /* Info.plist in Resources */,
				D83141791FB9882600C6FE10 /* LaunchScreen.storyboard in Resources */,
				D83141721FB976B100C6FE10 /* Main.storyboard in Resources */,
				EE0278D31FD62CB2002A2D51 /* GoogleService-Info.plist in Resources */,
				7588E5C91FE3361300E49BA1 /* Assets.xcassets in Resources */,
			);
			runOnlyForDeploymentPostprocessing = 0;
		};
/* End PBXResourcesBuildPhase section */

/* Begin PBXShellScriptBuildPhase section */
		0848A735FA273B07D3FB61F7 /* [CP] Check Pods Manifest.lock */ = {
			isa = PBXShellScriptBuildPhase;
			buildActionMask = 2147483647;
			files = (
			);
			inputPaths = (
				"${PODS_PODFILE_DIR_PATH}/Podfile.lock",
				"${PODS_ROOT}/Manifest.lock",
			);
			name = "[CP] Check Pods Manifest.lock";
			outputPaths = (
				"$(DERIVED_FILE_DIR)/Pods-DropTests-checkManifestLockResult.txt",
			);
			runOnlyForDeploymentPostprocessing = 0;
			shellPath = /bin/sh;
			shellScript = "diff \"${PODS_PODFILE_DIR_PATH}/Podfile.lock\" \"${PODS_ROOT}/Manifest.lock\" > /dev/null\nif [ $? != 0 ] ; then\n    # print error to STDERR\n    echo \"error: The sandbox is not in sync with the Podfile.lock. Run 'pod install' or update your CocoaPods installation.\" >&2\n    exit 1\nfi\n# This output is used by Xcode 'outputs' to avoid re-running this script phase.\necho \"SUCCESS\" > \"${SCRIPT_OUTPUT_FILE_0}\"\n";
			showEnvVarsInLog = 0;
		};
		AA1C3DACD519DC25CE1687CA /* [CP] Copy Pods Resources */ = {
			isa = PBXShellScriptBuildPhase;
			buildActionMask = 2147483647;
			files = (
			);
			inputPaths = (
			);
			name = "[CP] Copy Pods Resources";
			outputPaths = (
			);
			runOnlyForDeploymentPostprocessing = 0;
			shellPath = /bin/sh;
			shellScript = "\"${SRCROOT}/Pods/Target Support Files/Pods-Drop/Pods-Drop-resources.sh\"\n";
			showEnvVarsInLog = 0;
		};
		AED2CC794F97A660EFB8A995 /* [CP] Copy Pods Resources */ = {
			isa = PBXShellScriptBuildPhase;
			buildActionMask = 2147483647;
			files = (
			);
			inputPaths = (
			);
			name = "[CP] Copy Pods Resources";
			outputPaths = (
			);
			runOnlyForDeploymentPostprocessing = 0;
			shellPath = /bin/sh;
			shellScript = "\"${SRCROOT}/Pods/Target Support Files/Pods-DropTests/Pods-DropTests-resources.sh\"\n";
			showEnvVarsInLog = 0;
		};
		AF6AE7EC9A9A538765B6CDBC /* [CP] Check Pods Manifest.lock */ = {
			isa = PBXShellScriptBuildPhase;
			buildActionMask = 2147483647;
			files = (
			);
			inputPaths = (
				"${PODS_PODFILE_DIR_PATH}/Podfile.lock",
				"${PODS_ROOT}/Manifest.lock",
			);
			name = "[CP] Check Pods Manifest.lock";
			outputPaths = (
				"$(DERIVED_FILE_DIR)/Pods-Drop-checkManifestLockResult.txt",
			);
			runOnlyForDeploymentPostprocessing = 0;
			shellPath = /bin/sh;
			shellScript = "diff \"${PODS_PODFILE_DIR_PATH}/Podfile.lock\" \"${PODS_ROOT}/Manifest.lock\" > /dev/null\nif [ $? != 0 ] ; then\n    # print error to STDERR\n    echo \"error: The sandbox is not in sync with the Podfile.lock. Run 'pod install' or update your CocoaPods installation.\" >&2\n    exit 1\nfi\n# This output is used by Xcode 'outputs' to avoid re-running this script phase.\necho \"SUCCESS\" > \"${SCRIPT_OUTPUT_FILE_0}\"\n";
			showEnvVarsInLog = 0;
		};
		CE9DE706EB3C1DB5F0CA2C2D /* [CP] Embed Pods Frameworks */ = {
			isa = PBXShellScriptBuildPhase;
			buildActionMask = 2147483647;
			files = (
			);
			inputPaths = (
				"${SRCROOT}/Pods/Target Support Files/Pods-Drop/Pods-Drop-frameworks.sh",
				"${BUILT_PRODUCTS_DIR}/GTMSessionFetcher/GTMSessionFetcher.framework",
				"${BUILT_PRODUCTS_DIR}/GoogleToolboxForMac/GoogleToolboxForMac.framework",
				"${BUILT_PRODUCTS_DIR}/leveldb-library/leveldb.framework",
				"${BUILT_PRODUCTS_DIR}/nanopb/nanopb.framework",
			);
			name = "[CP] Embed Pods Frameworks";
			outputPaths = (
				"${TARGET_BUILD_DIR}/${FRAMEWORKS_FOLDER_PATH}/GTMSessionFetcher.framework",
				"${TARGET_BUILD_DIR}/${FRAMEWORKS_FOLDER_PATH}/GoogleToolboxForMac.framework",
				"${TARGET_BUILD_DIR}/${FRAMEWORKS_FOLDER_PATH}/leveldb.framework",
				"${TARGET_BUILD_DIR}/${FRAMEWORKS_FOLDER_PATH}/nanopb.framework",
			);
			runOnlyForDeploymentPostprocessing = 0;
			shellPath = /bin/sh;
			shellScript = "\"${SRCROOT}/Pods/Target Support Files/Pods-Drop/Pods-Drop-frameworks.sh\"\n";
			showEnvVarsInLog = 0;
		};
		E9E1492CB01C0A2873F8E096 /* [CP] Embed Pods Frameworks */ = {
			isa = PBXShellScriptBuildPhase;
			buildActionMask = 2147483647;
			files = (
			);
			inputPaths = (
				"${SRCROOT}/Pods/Target Support Files/Pods-DropTests/Pods-DropTests-frameworks.sh",
				"${BUILT_PRODUCTS_DIR}/GTMSessionFetcher/GTMSessionFetcher.framework",
				"${BUILT_PRODUCTS_DIR}/GoogleToolboxForMac/GoogleToolboxForMac.framework",
				"${BUILT_PRODUCTS_DIR}/leveldb-library/leveldb.framework",
				"${BUILT_PRODUCTS_DIR}/nanopb/nanopb.framework",
			);
			name = "[CP] Embed Pods Frameworks";
			outputPaths = (
				"${TARGET_BUILD_DIR}/${FRAMEWORKS_FOLDER_PATH}/GTMSessionFetcher.framework",
				"${TARGET_BUILD_DIR}/${FRAMEWORKS_FOLDER_PATH}/GoogleToolboxForMac.framework",
				"${TARGET_BUILD_DIR}/${FRAMEWORKS_FOLDER_PATH}/leveldb.framework",
				"${TARGET_BUILD_DIR}/${FRAMEWORKS_FOLDER_PATH}/nanopb.framework",
			);
			runOnlyForDeploymentPostprocessing = 0;
			shellPath = /bin/sh;
			shellScript = "\"${SRCROOT}/Pods/Target Support Files/Pods-DropTests/Pods-DropTests-frameworks.sh\"\n";
			showEnvVarsInLog = 0;
		};
/* End PBXShellScriptBuildPhase section */

/* Begin PBXSourcesBuildPhase section */
		3B004DEB1FBA99DD006ECFB8 /* Sources */ = {
			isa = PBXSourcesBuildPhase;
			buildActionMask = 2147483647;
			files = (
				3B672C0A1FE36600006679F5 /* AppDelegateTests.swift in Sources */,
				3B672C0C1FE377B8006679F5 /* HomeViewControllerTests.swift in Sources */,
				D85E25181FBE51E600CB2B22 /* EventViewControllerTests.swift in Sources */,
				EEFECD201FE3761200D4F37F /* PaymentDetailViewControllerTests.swift in Sources */,
				D8B9F65A1FBE5E8E008786BB /* LoginTests.swift in Sources */,
				EEFECD1C1FE355F100D4F37F /* PaymentViewControllerTests.swift in Sources */,
				3B004DF21FBA99DD006ECFB8 /* MultipeerTests.swift in Sources */,
			);
			runOnlyForDeploymentPostprocessing = 0;
		};
		697E9ABF1F9827D4004F9235 /* Sources */ = {
			isa = PBXSourcesBuildPhase;
			buildActionMask = 2147483647;
			files = (
				D809D36C1FD66AFE0041A682 /* TinyPeopleCollectionViewCell.swift in Sources */,
				D83D44E61FB2B61400BB4615 /* LoginViewController.swift in Sources */,
				697E9AC71F9827D4004F9235 /* AppDelegate.swift in Sources */,
				EE0278CD1FD52D08002A2D51 /* User.swift in Sources */,
				EE0278CF1FD52D18002A2D51 /* Transaction.swift in Sources */,
				D8A1785A1FDCAF3C0053A353 /* NewsFeedCell.swift in Sources */,
				697E9AE31FA416DC004F9235 /* PaymentViewController.swift in Sources */,
				697E9ADB1F9D6148004F9235 /* EventViewController.swift in Sources */,
				EE0278D51FD669C9002A2D51 /* SearchTableCell.swift in Sources */,
				697E9AE11F9DB555004F9235 /* HomeViewController.swift in Sources */,
				3BC68FAC1FAD724500B3089D /* Multipeer.swift in Sources */,
				3BC68FAE1FAFB4B000B3089D /* PeopleCollectionViewCell.swift in Sources */,
				6945C4951FD1511700EE1D51 /* ItemTableViewCell.swift in Sources */,
				75A2860C1FDCB52500F1E04B /* PaymentDetailViewController.swift in Sources */,
			);
			runOnlyForDeploymentPostprocessing = 0;
		};
/* End PBXSourcesBuildPhase section */

/* Begin PBXTargetDependency section */
		3B004DF51FBA99DD006ECFB8 /* PBXTargetDependency */ = {
			isa = PBXTargetDependency;
			target = 697E9AC21F9827D4004F9235 /* Drop */;
			targetProxy = 3B004DF41FBA99DD006ECFB8 /* PBXContainerItemProxy */;
		};
/* End PBXTargetDependency section */

/* Begin PBXVariantGroup section */
		D83141741FB976B100C6FE10 /* Main.storyboard */ = {
			isa = PBXVariantGroup;
			children = (
				D83141731FB976B100C6FE10 /* Base */,
			);
			name = Main.storyboard;
			sourceTree = "<group>";
		};
		D83141771FB9882600C6FE10 /* LaunchScreen.storyboard */ = {
			isa = PBXVariantGroup;
			children = (
				D83141781FB9882600C6FE10 /* Base */,
			);
			name = LaunchScreen.storyboard;
			sourceTree = "<group>";
		};
/* End PBXVariantGroup section */

/* Begin XCBuildConfiguration section */
		3B004DF61FBA99DD006ECFB8 /* Debug */ = {
			isa = XCBuildConfiguration;
			baseConfigurationReference = 76595866AFFA654DE5461C7E /* Pods-DropTests.debug.xcconfig */;
			buildSettings = {
				BUNDLE_LOADER = "$(TEST_HOST)";
				CODE_SIGN_STYLE = Automatic;
				DEVELOPMENT_TEAM = RU4QS52S4V;
				INFOPLIST_FILE = DropTests/Info.plist;
				LD_RUNPATH_SEARCH_PATHS = "$(inherited) @executable_path/Frameworks @loader_path/Frameworks";
				PRODUCT_BUNDLE_IDENTIFIER = class.DropTests;
				PRODUCT_NAME = "$(TARGET_NAME)";
				SWIFT_VERSION = 4.0;
				TARGETED_DEVICE_FAMILY = "1,2";
				TEST_HOST = "$(BUILT_PRODUCTS_DIR)/Drop.app/Drop";
			};
			name = Debug;
		};
		3B004DF71FBA99DD006ECFB8 /* Release */ = {
			isa = XCBuildConfiguration;
			baseConfigurationReference = 7D4D4CAC4BFC774773552F7E /* Pods-DropTests.release.xcconfig */;
			buildSettings = {
				BUNDLE_LOADER = "$(TEST_HOST)";
				CODE_SIGN_STYLE = Automatic;
				DEVELOPMENT_TEAM = RU4QS52S4V;
				INFOPLIST_FILE = DropTests/Info.plist;
				LD_RUNPATH_SEARCH_PATHS = "$(inherited) @executable_path/Frameworks @loader_path/Frameworks";
				PRODUCT_BUNDLE_IDENTIFIER = class.DropTests;
				PRODUCT_NAME = "$(TARGET_NAME)";
				SWIFT_VERSION = 4.0;
				TARGETED_DEVICE_FAMILY = "1,2";
				TEST_HOST = "$(BUILT_PRODUCTS_DIR)/Drop.app/Drop";
			};
			name = Release;
		};
		697E9AD31F9827D4004F9235 /* Debug */ = {
			isa = XCBuildConfiguration;
			buildSettings = {
				ALWAYS_SEARCH_USER_PATHS = NO;
				CLANG_ANALYZER_NONNULL = YES;
				CLANG_ANALYZER_NUMBER_OBJECT_CONVERSION = YES_AGGRESSIVE;
				CLANG_CXX_LANGUAGE_STANDARD = "gnu++14";
				CLANG_CXX_LIBRARY = "libc++";
				CLANG_ENABLE_MODULES = YES;
				CLANG_ENABLE_OBJC_ARC = YES;
				CLANG_WARN_BLOCK_CAPTURE_AUTORELEASING = YES;
				CLANG_WARN_BOOL_CONVERSION = YES;
				CLANG_WARN_COMMA = YES;
				CLANG_WARN_CONSTANT_CONVERSION = YES;
				CLANG_WARN_DIRECT_OBJC_ISA_USAGE = YES_ERROR;
				CLANG_WARN_DOCUMENTATION_COMMENTS = YES;
				CLANG_WARN_EMPTY_BODY = YES;
				CLANG_WARN_ENUM_CONVERSION = YES;
				CLANG_WARN_INFINITE_RECURSION = YES;
				CLANG_WARN_INT_CONVERSION = YES;
				CLANG_WARN_NON_LITERAL_NULL_CONVERSION = YES;
				CLANG_WARN_OBJC_LITERAL_CONVERSION = YES;
				CLANG_WARN_OBJC_ROOT_CLASS = YES_ERROR;
				CLANG_WARN_RANGE_LOOP_ANALYSIS = YES;
				CLANG_WARN_STRICT_PROTOTYPES = YES;
				CLANG_WARN_SUSPICIOUS_MOVE = YES;
				CLANG_WARN_UNGUARDED_AVAILABILITY = YES_AGGRESSIVE;
				CLANG_WARN_UNREACHABLE_CODE = YES;
				CLANG_WARN__DUPLICATE_METHOD_MATCH = YES;
				CODE_SIGN_IDENTITY = "iPhone Developer";
				COPY_PHASE_STRIP = NO;
				DEBUG_INFORMATION_FORMAT = dwarf;
				ENABLE_STRICT_OBJC_MSGSEND = YES;
				ENABLE_TESTABILITY = YES;
				GCC_C_LANGUAGE_STANDARD = gnu11;
				GCC_DYNAMIC_NO_PIC = NO;
				GCC_NO_COMMON_BLOCKS = YES;
				GCC_OPTIMIZATION_LEVEL = 0;
				GCC_PREPROCESSOR_DEFINITIONS = (
					"DEBUG=1",
					"$(inherited)",
				);
				GCC_WARN_64_TO_32_BIT_CONVERSION = YES;
				GCC_WARN_ABOUT_RETURN_TYPE = YES_ERROR;
				GCC_WARN_UNDECLARED_SELECTOR = YES;
				GCC_WARN_UNINITIALIZED_AUTOS = YES_AGGRESSIVE;
				GCC_WARN_UNUSED_FUNCTION = YES;
				GCC_WARN_UNUSED_VARIABLE = YES;
				IPHONEOS_DEPLOYMENT_TARGET = 11.0;
				MTL_ENABLE_DEBUG_INFO = YES;
				ONLY_ACTIVE_ARCH = YES;
				SDKROOT = iphoneos;
				SWIFT_ACTIVE_COMPILATION_CONDITIONS = DEBUG;
				SWIFT_OPTIMIZATION_LEVEL = "-Onone";
				SWIFT_SWIFT3_OBJC_INFERENCE = Default;
			};
			name = Debug;
		};
		697E9AD41F9827D4004F9235 /* Release */ = {
			isa = XCBuildConfiguration;
			buildSettings = {
				ALWAYS_SEARCH_USER_PATHS = NO;
				CLANG_ANALYZER_NONNULL = YES;
				CLANG_ANALYZER_NUMBER_OBJECT_CONVERSION = YES_AGGRESSIVE;
				CLANG_CXX_LANGUAGE_STANDARD = "gnu++14";
				CLANG_CXX_LIBRARY = "libc++";
				CLANG_ENABLE_MODULES = YES;
				CLANG_ENABLE_OBJC_ARC = YES;
				CLANG_WARN_BLOCK_CAPTURE_AUTORELEASING = YES;
				CLANG_WARN_BOOL_CONVERSION = YES;
				CLANG_WARN_COMMA = YES;
				CLANG_WARN_CONSTANT_CONVERSION = YES;
				CLANG_WARN_DIRECT_OBJC_ISA_USAGE = YES_ERROR;
				CLANG_WARN_DOCUMENTATION_COMMENTS = YES;
				CLANG_WARN_EMPTY_BODY = YES;
				CLANG_WARN_ENUM_CONVERSION = YES;
				CLANG_WARN_INFINITE_RECURSION = YES;
				CLANG_WARN_INT_CONVERSION = YES;
				CLANG_WARN_NON_LITERAL_NULL_CONVERSION = YES;
				CLANG_WARN_OBJC_LITERAL_CONVERSION = YES;
				CLANG_WARN_OBJC_ROOT_CLASS = YES_ERROR;
				CLANG_WARN_RANGE_LOOP_ANALYSIS = YES;
				CLANG_WARN_STRICT_PROTOTYPES = YES;
				CLANG_WARN_SUSPICIOUS_MOVE = YES;
				CLANG_WARN_UNGUARDED_AVAILABILITY = YES_AGGRESSIVE;
				CLANG_WARN_UNREACHABLE_CODE = YES;
				CLANG_WARN__DUPLICATE_METHOD_MATCH = YES;
				CODE_SIGN_IDENTITY = "iPhone Developer";
				COPY_PHASE_STRIP = NO;
				DEBUG_INFORMATION_FORMAT = "dwarf-with-dsym";
				ENABLE_NS_ASSERTIONS = NO;
				ENABLE_STRICT_OBJC_MSGSEND = YES;
				GCC_C_LANGUAGE_STANDARD = gnu11;
				GCC_NO_COMMON_BLOCKS = YES;
				GCC_WARN_64_TO_32_BIT_CONVERSION = YES;
				GCC_WARN_ABOUT_RETURN_TYPE = YES_ERROR;
				GCC_WARN_UNDECLARED_SELECTOR = YES;
				GCC_WARN_UNINITIALIZED_AUTOS = YES_AGGRESSIVE;
				GCC_WARN_UNUSED_FUNCTION = YES;
				GCC_WARN_UNUSED_VARIABLE = YES;
				IPHONEOS_DEPLOYMENT_TARGET = 11.0;
				MTL_ENABLE_DEBUG_INFO = NO;
				SDKROOT = iphoneos;
				SWIFT_OPTIMIZATION_LEVEL = "-Owholemodule";
				SWIFT_SWIFT3_OBJC_INFERENCE = Default;
				VALIDATE_PRODUCT = YES;
			};
			name = Release;
		};
		697E9AD61F9827D4004F9235 /* Debug */ = {
			isa = XCBuildConfiguration;
			baseConfigurationReference = 07EC867D566060CD4FD36771 /* Pods-Drop.debug.xcconfig */;
			buildSettings = {
				ASSETCATALOG_COMPILER_APPICON_NAME = AppIcon;
				CODE_SIGN_STYLE = Automatic;
				DEVELOPMENT_TEAM = T3B3U2TJWZ;
				INFOPLIST_FILE = Drop/Info.plist;
				LD_RUNPATH_SEARCH_PATHS = "$(inherited) @executable_path/Frameworks";
				PRODUCT_BUNDLE_IDENTIFIER = AirSplit.Drop;
				PRODUCT_MODULE_NAME = Drop;
				PRODUCT_NAME = "$(TARGET_NAME)";
				SWIFT_VERSION = 4.0;
				TARGETED_DEVICE_FAMILY = "1,2";
			};
			name = Debug;
		};
		697E9AD71F9827D4004F9235 /* Release */ = {
			isa = XCBuildConfiguration;
			baseConfigurationReference = 2C0FBBE9D113D657D809C899 /* Pods-Drop.release.xcconfig */;
			buildSettings = {
				ASSETCATALOG_COMPILER_APPICON_NAME = AppIcon;
				CODE_SIGN_STYLE = Automatic;
				DEVELOPMENT_TEAM = T3B3U2TJWZ;
				INFOPLIST_FILE = Drop/Info.plist;
				LD_RUNPATH_SEARCH_PATHS = "$(inherited) @executable_path/Frameworks";
				PRODUCT_BUNDLE_IDENTIFIER = AirSplit.Drop;
				PRODUCT_MODULE_NAME = Drop;
				PRODUCT_NAME = "$(TARGET_NAME)";
				SWIFT_VERSION = 4.0;
				TARGETED_DEVICE_FAMILY = "1,2";
			};
			name = Release;
		};
/* End XCBuildConfiguration section */

/* Begin XCConfigurationList section */
		3B004DF81FBA99DD006ECFB8 /* Build configuration list for PBXNativeTarget "DropTests" */ = {
			isa = XCConfigurationList;
			buildConfigurations = (
				3B004DF61FBA99DD006ECFB8 /* Debug */,
				3B004DF71FBA99DD006ECFB8 /* Release */,
			);
			defaultConfigurationIsVisible = 0;
			defaultConfigurationName = Release;
		};
		697E9ABE1F9827D4004F9235 /* Build configuration list for PBXProject "Drop" */ = {
			isa = XCConfigurationList;
			buildConfigurations = (
				697E9AD31F9827D4004F9235 /* Debug */,
				697E9AD41F9827D4004F9235 /* Release */,
			);
			defaultConfigurationIsVisible = 0;
			defaultConfigurationName = Release;
		};
		697E9AD51F9827D4004F9235 /* Build configuration list for PBXNativeTarget "Drop" */ = {
			isa = XCConfigurationList;
			buildConfigurations = (
				697E9AD61F9827D4004F9235 /* Debug */,
				697E9AD71F9827D4004F9235 /* Release */,
			);
			defaultConfigurationIsVisible = 0;
			defaultConfigurationName = Release;
		};
/* End XCConfigurationList section */
	};
	rootObject = 697E9ABB1F9827D4004F9235 /* Project object */;
}
